
Microsoft Visual Studio Solution File, Format Version 12.00
# Visual Studio Version 17
VisualStudioVersion = 17.9.34607.119
MinimumVisualStudioVersion = 10.0.40219.1
Project("{FAE04EC0-301F-11D3-BF4B-00C04F79EFBC}") = "MyApp.UI", "MyApp.UI\MyApp.UI.csproj", "{A14A41F4-F4A2-4F37-88DC-00E3AC08C0AD}"
EndProject
Project("{FAE04EC0-301F-11D3-BF4B-00C04F79EFBC}") = "MyApp.Data", "MyApp.Data\MyApp.Data.csproj", "{F7A88EA7-0258-4D1F-92A0-8718708DC909}"
EndProject
Project("{FAE04EC0-301F-11D3-BF4B-00C04F79EFBC}") = "MyApp.Business", "MyApp.Business\MyApp.Business.csproj", "{7E6174F4-2F35-4F75-8FC7-C55B3BBFDED6}"
EndProject
Global
	GlobalSection(SolutionConfigurationPlatforms) = preSolution
		Debug|Any CPU = Debug|Any CPU
		Release|Any CPU = Release|Any CPU
	EndGlobalSection
	GlobalSection(ProjectConfigurationPlatforms) = postSolution
		{A14A41F4-F4A2-4F37-88DC-00E3AC08C0AD}.Debug|Any CPU.ActiveCfg = Debug|Any CPU
		{A14A41F4-F4A2-4F37-88DC-00E3AC08C0AD}.Debug|Any CPU.Build.0 = Debug|Any CPU
		{A14A41F4-F4A2-4F37-88DC-00E3AC08C0AD}.Release|Any CPU.ActiveCfg = Release|Any CPU
		{A14A41F4-F4A2-4F37-88DC-00E3AC08C0AD}.Release|Any CPU.Build.0 = Release|Any CPU
		{F7A88EA7-0258-4D1F-92A0-8718708DC909}.Debug|Any CPU.ActiveCfg = Debug|Any CPU
		{F7A88EA7-0258-4D1F-92A0-8718708DC909}.Debug|Any CPU.Build.0 = Debug|Any CPU
		{F7A88EA7-0258-4D1F-92A0-8718708DC909}.Release|Any CPU.ActiveCfg = Release|Any CPU
		{F7A88EA7-0258-4D1F-92A0-8718708DC909}.Release|Any CPU.Build.0 = Release|Any CPU
		{7E6174F4-2F35-4F75-8FC7-C55B3BBFDED6}.Debug|Any CPU.ActiveCfg = Debug|Any CPU
		{7E6174F4-2F35-4F75-8FC7-C55B3BBFDED6}.Debug|Any CPU.Build.0 = Debug|Any CPU
		{7E6174F4-2F35-4F75-8FC7-C55B3BBFDED6}.Release|Any CPU.ActiveCfg = Release|Any CPU
		{7E6174F4-2F35-4F75-8FC7-C55B3BBFDED6}.Release|Any CPU.Build.0 = Release|Any CPU
	EndGlobalSection
	GlobalSection(SolutionProperties) = preSolution
		HideSolutionNode = FALSE
	EndGlobalSection
	GlobalSection(ExtensibilityGlobals) = postSolution
		SolutionGuid = {63BB5AFD-B7DD-4A79-B18D-6122431509C5}
	EndGlobalSection
EndGlobal
